// !$*UTF8*$!
{
	archiveVersion = 1;
	classes = {
	};
	objectVersion = 48;
	objects = {

/* Begin PBXBuildFile section */
		61294A6D2024C7D0009F9886 /* AppDelegate.swift in Sources */ = {isa = PBXBuildFile; fileRef = 61294A6C2024C7D0009F9886 /* AppDelegate.swift */; };
		61294A6F2024C7D0009F9886 /* ViewController.swift in Sources */ = {isa = PBXBuildFile; fileRef = 61294A6E2024C7D0009F9886 /* ViewController.swift */; };
		61294A722024C7D0009F9886 /* Main.storyboard in Resources */ = {isa = PBXBuildFile; fileRef = 61294A702024C7D0009F9886 /* Main.storyboard */; };
		61294A752024C7D0009F9886 /* Waller.xcdatamodeld in Sources */ = {isa = PBXBuildFile; fileRef = 61294A732024C7D0009F9886 /* Waller.xcdatamodeld */; };
		61294A772024C7D0009F9886 /* Assets.xcassets in Resources */ = {isa = PBXBuildFile; fileRef = 61294A762024C7D0009F9886 /* Assets.xcassets */; };
		61294A7A2024C7D0009F9886 /* LaunchScreen.storyboard in Resources */ = {isa = PBXBuildFile; fileRef = 61294A782024C7D0009F9886 /* LaunchScreen.storyboard */; };
		618E4B17202A531A007F0D32 /* AddViewController.swift in Sources */ = {isa = PBXBuildFile; fileRef = 618E4B16202A531A007F0D32 /* AddViewController.swift */; };
		618E4B19202A548A007F0D32 /* CreateStandardWalletController.swift in Sources */ = {isa = PBXBuildFile; fileRef = 618E4B18202A548A007F0D32 /* CreateStandardWalletController.swift */; };
		618E4B1C202A6404007F0D32 /* SetPasswordViewController.swift in Sources */ = {isa = PBXBuildFile; fileRef = 618E4B1B202A6404007F0D32 /* SetPasswordViewController.swift */; };
		61DDBDA72029B71100F270DF /* MultiOptionView.swift in Sources */ = {isa = PBXBuildFile; fileRef = 61DDBDA62029B71100F270DF /* MultiOptionView.swift */; };
		61DDBDA92029B72100F270DF /* OptionView.swift in Sources */ = {isa = PBXBuildFile; fileRef = 61DDBDA82029B72100F270DF /* OptionView.swift */; };
		61DDBDAB2029BCBE00F270DF /* Properties.swift in Sources */ = {isa = PBXBuildFile; fileRef = 61DDBDAA2029BCBE00F270DF /* Properties.swift */; };
		61DDBDAD202A4CD600F270DF /* DataStructure.swift in Sources */ = {isa = PBXBuildFile; fileRef = 61DDBDAC202A4CD600F270DF /* DataStructure.swift */; };
		D89E88C03253AEC6F5AA8A61 /* libPods-Waller.a in Frameworks */ = {isa = PBXBuildFile; fileRef = FCE9EC54B3FB6821C14C8E8A /* libPods-Waller.a */; };
/* End PBXBuildFile section */

/* Begin PBXFileReference section */
		609D201F7C6CD61BD4EE8733 /* Pods-Waller.release.xcconfig */ = {isa = PBXFileReference; includeInIndex = 1; lastKnownFileType = text.xcconfig; name = "Pods-Waller.release.xcconfig"; path = "Pods/Target Support Files/Pods-Waller/Pods-Waller.release.xcconfig"; sourceTree = "<group>"; };
		61294A692024C7D0009F9886 /* Waller.app */ = {isa = PBXFileReference; explicitFileType = wrapper.application; includeInIndex = 0; path = Waller.app; sourceTree = BUILT_PRODUCTS_DIR; };
		61294A6C2024C7D0009F9886 /* AppDelegate.swift */ = {isa = PBXFileReference; lastKnownFileType = sourcecode.swift; path = AppDelegate.swift; sourceTree = "<group>"; };
		61294A6E2024C7D0009F9886 /* ViewController.swift */ = {isa = PBXFileReference; lastKnownFileType = sourcecode.swift; path = ViewController.swift; sourceTree = "<group>"; };
		61294A712024C7D0009F9886 /* Base */ = {isa = PBXFileReference; lastKnownFileType = file.storyboard; name = Base; path = Base.lproj/Main.storyboard; sourceTree = "<group>"; };
		61294A742024C7D0009F9886 /* Waller.xcdatamodel */ = {isa = PBXFileReference; lastKnownFileType = wrapper.xcdatamodel; path = Waller.xcdatamodel; sourceTree = "<group>"; };
		61294A762024C7D0009F9886 /* Assets.xcassets */ = {isa = PBXFileReference; lastKnownFileType = folder.assetcatalog; path = Assets.xcassets; sourceTree = "<group>"; };
		61294A792024C7D0009F9886 /* Base */ = {isa = PBXFileReference; lastKnownFileType = file.storyboard; name = Base; path = Base.lproj/LaunchScreen.storyboard; sourceTree = "<group>"; };
		61294A7B2024C7D0009F9886 /* Info.plist */ = {isa = PBXFileReference; lastKnownFileType = text.plist.xml; path = Info.plist; sourceTree = "<group>"; };
		618E4B16202A531A007F0D32 /* AddViewController.swift */ = {isa = PBXFileReference; lastKnownFileType = sourcecode.swift; path = AddViewController.swift; sourceTree = "<group>"; };
		618E4B18202A548A007F0D32 /* CreateStandardWalletController.swift */ = {isa = PBXFileReference; lastKnownFileType = sourcecode.swift; path = CreateStandardWalletController.swift; sourceTree = "<group>"; };
		618E4B1B202A6404007F0D32 /* SetPasswordViewController.swift */ = {isa = PBXFileReference; lastKnownFileType = sourcecode.swift; path = SetPasswordViewController.swift; sourceTree = "<group>"; };
		618E4B25202A6E79007F0D32 /* Waller-Bridging-Header.h */ = {isa = PBXFileReference; lastKnownFileType = sourcecode.c.h; path = "Waller-Bridging-Header.h"; sourceTree = "<group>"; };
		61DDBDA62029B71100F270DF /* MultiOptionView.swift */ = {isa = PBXFileReference; lastKnownFileType = sourcecode.swift; path = MultiOptionView.swift; sourceTree = "<group>"; };
		61DDBDA82029B72100F270DF /* OptionView.swift */ = {isa = PBXFileReference; lastKnownFileType = sourcecode.swift; path = OptionView.swift; sourceTree = "<group>"; };
		61DDBDAA2029BCBE00F270DF /* Properties.swift */ = {isa = PBXFileReference; lastKnownFileType = sourcecode.swift; path = Properties.swift; sourceTree = "<group>"; };
		61DDBDAC202A4CD600F270DF /* DataStructure.swift */ = {isa = PBXFileReference; lastKnownFileType = sourcecode.swift; path = DataStructure.swift; sourceTree = "<group>"; };
		62D248798B62B430FC2E862D /* Pods-Waller.debug.xcconfig */ = {isa = PBXFileReference; includeInIndex = 1; lastKnownFileType = text.xcconfig; name = "Pods-Waller.debug.xcconfig"; path = "Pods/Target Support Files/Pods-Waller/Pods-Waller.debug.xcconfig"; sourceTree = "<group>"; };
		FCE9EC54B3FB6821C14C8E8A /* libPods-Waller.a */ = {isa = PBXFileReference; explicitFileType = archive.ar; includeInIndex = 0; path = "libPods-Waller.a"; sourceTree = BUILT_PRODUCTS_DIR; };
/* End PBXFileReference section */

/* Begin PBXFrameworksBuildPhase section */
		61294A662024C7D0009F9886 /* Frameworks */ = {
			isa = PBXFrameworksBuildPhase;
			buildActionMask = 2147483647;
			files = (
				D89E88C03253AEC6F5AA8A61 /* libPods-Waller.a in Frameworks */,
			);
			runOnlyForDeploymentPostprocessing = 0;
		};
/* End PBXFrameworksBuildPhase section */

/* Begin PBXGroup section */
		24E6CC41032909971F747B5A /* Frameworks */ = {
			isa = PBXGroup;
			children = (
				FCE9EC54B3FB6821C14C8E8A /* libPods-Waller.a */,
			);
			name = Frameworks;
			sourceTree = "<group>";
		};
		5BBBD056102E468DD91D9840 /* Pods */ = {
			isa = PBXGroup;
			children = (
				62D248798B62B430FC2E862D /* Pods-Waller.debug.xcconfig */,
				609D201F7C6CD61BD4EE8733 /* Pods-Waller.release.xcconfig */,
			);
			name = Pods;
			sourceTree = "<group>";
		};
		61294A602024C7D0009F9886 = {
			isa = PBXGroup;
			children = (
				61294A6B2024C7D0009F9886 /* Waller */,
				61294A6A2024C7D0009F9886 /* Products */,
				5BBBD056102E468DD91D9840 /* Pods */,
				24E6CC41032909971F747B5A /* Frameworks */,
			);
			sourceTree = "<group>";
		};
		61294A6A2024C7D0009F9886 /* Products */ = {
			isa = PBXGroup;
			children = (
				61294A692024C7D0009F9886 /* Waller.app */,
			);
			name = Products;
			sourceTree = "<group>";
		};
		61294A6B2024C7D0009F9886 /* Waller */ = {
			isa = PBXGroup;
			children = (
				61294A762024C7D0009F9886 /* Assets.xcassets */,
				61DDBDAC202A4CD600F270DF /* DataStructure.swift */,
				61DDBDAA2029BCBE00F270DF /* Properties.swift */,
				61294A6C2024C7D0009F9886 /* AppDelegate.swift */,
				61294A6E2024C7D0009F9886 /* ViewController.swift */,
				61294A702024C7D0009F9886 /* Main.storyboard */,
				618E4B16202A531A007F0D32 /* AddViewController.swift */,
				618E4B18202A548A007F0D32 /* CreateStandardWalletController.swift */,
				618E4B1B202A6404007F0D32 /* SetPasswordViewController.swift */,
				618E4B1A202A5504007F0D32 /* MultiOptionClass */,
				61294A7B2024C7D0009F9886 /* Info.plist */,
				61294A732024C7D0009F9886 /* Waller.xcdatamodeld */,
				61294A782024C7D0009F9886 /* LaunchScreen.storyboard */,
				618E4B25202A6E79007F0D32 /* Waller-Bridging-Header.h */,
			);
			path = Waller;
			sourceTree = "<group>";
		};
		618E4B1A202A5504007F0D32 /* MultiOptionClass */ = {
			isa = PBXGroup;
			children = (
				61DDBDA62029B71100F270DF /* MultiOptionView.swift */,
				61DDBDA82029B72100F270DF /* OptionView.swift */,
			);
			path = MultiOptionClass;
			sourceTree = "<group>";
		};
/* End PBXGroup section */

/* Begin PBXNativeTarget section */
		61294A682024C7D0009F9886 /* Waller */ = {
			isa = PBXNativeTarget;
			buildConfigurationList = 61294A7E2024C7D0009F9886 /* Build configuration list for PBXNativeTarget "Waller" */;
			buildPhases = (
				5EB4C71A9392D1F5EBEBEFC1 /* [CP] Check Pods Manifest.lock */,
				61294A652024C7D0009F9886 /* Sources */,
				61294A662024C7D0009F9886 /* Frameworks */,
				61294A672024C7D0009F9886 /* Resources */,
				72CAA85F603110A4FB1B8188 /* [CP] Embed Pods Frameworks */,
				27115F4AF669680A54C7D8B0 /* [CP] Copy Pods Resources */,
			);
			buildRules = (
			);
			dependencies = (
			);
			name = Waller;
			productName = Waller;
			productReference = 61294A692024C7D0009F9886 /* Waller.app */;
			productType = "com.apple.product-type.application";
		};
/* End PBXNativeTarget section */

/* Begin PBXProject section */
		61294A612024C7D0009F9886 /* Project object */ = {
			isa = PBXProject;
			attributes = {
				LastSwiftUpdateCheck = 0920;
				LastUpgradeCheck = 0920;
				ORGANIZATIONNAME = madeinchain;
				TargetAttributes = {
					61294A682024C7D0009F9886 = {
						CreatedOnToolsVersion = 9.2;
						LastSwiftMigration = 0920;
						ProvisioningStyle = Automatic;
					};
				};
			};
			buildConfigurationList = 61294A642024C7D0009F9886 /* Build configuration list for PBXProject "Waller" */;
			compatibilityVersion = "Xcode 8.0";
			developmentRegion = en;
			hasScannedForEncodings = 0;
			knownRegions = (
				en,
				Base,
			);
			mainGroup = 61294A602024C7D0009F9886;
			productRefGroup = 61294A6A2024C7D0009F9886 /* Products */;
			projectDirPath = "";
			projectRoot = "";
			targets = (
				61294A682024C7D0009F9886 /* Waller */,
			);
		};
/* End PBXProject section */

/* Begin PBXResourcesBuildPhase section */
		61294A672024C7D0009F9886 /* Resources */ = {
			isa = PBXResourcesBuildPhase;
			buildActionMask = 2147483647;
			files = (
				61294A7A2024C7D0009F9886 /* LaunchScreen.storyboard in Resources */,
				61294A772024C7D0009F9886 /* Assets.xcassets in Resources */,
				61294A722024C7D0009F9886 /* Main.storyboard in Resources */,
			);
			runOnlyForDeploymentPostprocessing = 0;
		};
/* End PBXResourcesBuildPhase section */

/* Begin PBXShellScriptBuildPhase section */
		27115F4AF669680A54C7D8B0 /* [CP] Copy Pods Resources */ = {
			isa = PBXShellScriptBuildPhase;
			buildActionMask = 2147483647;
			files = (
			);
			inputPaths = (
			);
			name = "[CP] Copy Pods Resources";
			outputPaths = (
			);
			runOnlyForDeploymentPostprocessing = 0;
			shellPath = /bin/sh;
			shellScript = "\"${SRCROOT}/Pods/Target Support Files/Pods-Waller/Pods-Waller-resources.sh\"\n";
			showEnvVarsInLog = 0;
		};
		5EB4C71A9392D1F5EBEBEFC1 /* [CP] Check Pods Manifest.lock */ = {
			isa = PBXShellScriptBuildPhase;
			buildActionMask = 2147483647;
			files = (
			);
			inputPaths = (
				"${PODS_PODFILE_DIR_PATH}/Podfile.lock",
				"${PODS_ROOT}/Manifest.lock",
			);
			name = "[CP] Check Pods Manifest.lock";
			outputPaths = (
				"$(DERIVED_FILE_DIR)/Pods-Waller-checkManifestLockResult.txt",
			);
			runOnlyForDeploymentPostprocessing = 0;
			shellPath = /bin/sh;
			shellScript = "diff \"${PODS_PODFILE_DIR_PATH}/Podfile.lock\" \"${PODS_ROOT}/Manifest.lock\" > /dev/null\nif [ $? != 0 ] ; then\n    # print error to STDERR\n    echo \"error: The sandbox is not in sync with the Podfile.lock. Run 'pod install' or update your CocoaPods installation.\" >&2\n    exit 1\nfi\n# This output is used by Xcode 'outputs' to avoid re-running this script phase.\necho \"SUCCESS\" > \"${SCRIPT_OUTPUT_FILE_0}\"\n";
			showEnvVarsInLog = 0;
		};
		72CAA85F603110A4FB1B8188 /* [CP] Embed Pods Frameworks */ = {
			isa = PBXShellScriptBuildPhase;
			buildActionMask = 2147483647;
			files = (
			);
			inputPaths = (
			);
			name = "[CP] Embed Pods Frameworks";
			outputPaths = (
			);
			runOnlyForDeploymentPostprocessing = 0;
			shellPath = /bin/sh;
			shellScript = "\"${SRCROOT}/Pods/Target Support Files/Pods-Waller/Pods-Waller-frameworks.sh\"\n";
			showEnvVarsInLog = 0;
		};
/* End PBXShellScriptBuildPhase section */

/* Begin PBXSourcesBuildPhase section */
		61294A652024C7D0009F9886 /* Sources */ = {
			isa = PBXSourcesBuildPhase;
			buildActionMask = 2147483647;
			files = (
				61DDBDAB2029BCBE00F270DF /* Properties.swift in Sources */,
				61294A6F2024C7D0009F9886 /* ViewController.swift in Sources */,
				618E4B17202A531A007F0D32 /* AddViewController.swift in Sources */,
				61DDBDAD202A4CD600F270DF /* DataStructure.swift in Sources */,
				618E4B1C202A6404007F0D32 /* SetPasswordViewController.swift in Sources */,
				618E4B19202A548A007F0D32 /* CreateStandardWalletController.swift in Sources */,
				61294A6D2024C7D0009F9886 /* AppDelegate.swift in Sources */,
				61294A752024C7D0009F9886 /* Waller.xcdatamodeld in Sources */,
				61DDBDA92029B72100F270DF /* OptionView.swift in Sources */,
				61DDBDA72029B71100F270DF /* MultiOptionView.swift in Sources */,
			);
			runOnlyForDeploymentPostprocessing = 0;
		};
/* End PBXSourcesBuildPhase section */

/* Begin PBXVariantGroup section */
		61294A702024C7D0009F9886 /* Main.storyboard */ = {
			isa = PBXVariantGroup;
			children = (
				61294A712024C7D0009F9886 /* Base */,
			);
			name = Main.storyboard;
			sourceTree = "<group>";
		};
		61294A782024C7D0009F9886 /* LaunchScreen.storyboard */ = {
			isa = PBXVariantGroup;
			children = (
				61294A792024C7D0009F9886 /* Base */,
			);
			name = LaunchScreen.storyboard;
			sourceTree = "<group>";
		};
/* End PBXVariantGroup section */

/* Begin XCBuildConfiguration section */
		61294A7C2024C7D0009F9886 /* Debug */ = {
			isa = XCBuildConfiguration;
			buildSettings = {
				ALWAYS_SEARCH_USER_PATHS = NO;
				CLANG_ANALYZER_NONNULL = YES;
				CLANG_ANALYZER_NUMBER_OBJECT_CONVERSION = YES_AGGRESSIVE;
				CLANG_CXX_LANGUAGE_STANDARD = "gnu++14";
				CLANG_CXX_LIBRARY = "libc++";
				CLANG_ENABLE_MODULES = YES;
				CLANG_ENABLE_OBJC_ARC = YES;
				CLANG_WARN_BLOCK_CAPTURE_AUTORELEASING = YES;
				CLANG_WARN_BOOL_CONVERSION = YES;
				CLANG_WARN_COMMA = YES;
				CLANG_WARN_CONSTANT_CONVERSION = YES;
				CLANG_WARN_DIRECT_OBJC_ISA_USAGE = YES_ERROR;
				CLANG_WARN_DOCUMENTATION_COMMENTS = YES;
				CLANG_WARN_EMPTY_BODY = YES;
				CLANG_WARN_ENUM_CONVERSION = YES;
				CLANG_WARN_INFINITE_RECURSION = YES;
				CLANG_WARN_INT_CONVERSION = YES;
				CLANG_WARN_NON_LITERAL_NULL_CONVERSION = YES;
				CLANG_WARN_OBJC_LITERAL_CONVERSION = YES;
				CLANG_WARN_OBJC_ROOT_CLASS = YES_ERROR;
				CLANG_WARN_RANGE_LOOP_ANALYSIS = YES;
				CLANG_WARN_STRICT_PROTOTYPES = YES;
				CLANG_WARN_SUSPICIOUS_MOVE = YES;
				CLANG_WARN_UNGUARDED_AVAILABILITY = YES_AGGRESSIVE;
				CLANG_WARN_UNREACHABLE_CODE = YES;
				CLANG_WARN__DUPLICATE_METHOD_MATCH = YES;
				CODE_SIGN_IDENTITY = "iPhone Developer";
				COPY_PHASE_STRIP = NO;
				DEBUG_INFORMATION_FORMAT = dwarf;
				ENABLE_STRICT_OBJC_MSGSEND = YES;
				ENABLE_TESTABILITY = YES;
				GCC_C_LANGUAGE_STANDARD = gnu11;
				GCC_DYNAMIC_NO_PIC = NO;
				GCC_NO_COMMON_BLOCKS = YES;
				GCC_OPTIMIZATION_LEVEL = 0;
				GCC_PREPROCESSOR_DEFINITIONS = (
					"DEBUG=1",
					"$(inherited)",
				);
				GCC_WARN_64_TO_32_BIT_CONVERSION = YES;
				GCC_WARN_ABOUT_RETURN_TYPE = YES_ERROR;
				GCC_WARN_UNDECLARED_SELECTOR = YES;
				GCC_WARN_UNINITIALIZED_AUTOS = YES_AGGRESSIVE;
				GCC_WARN_UNUSED_FUNCTION = YES;
				GCC_WARN_UNUSED_VARIABLE = YES;
				IPHONEOS_DEPLOYMENT_TARGET = 11.2;
				MTL_ENABLE_DEBUG_INFO = YES;
				ONLY_ACTIVE_ARCH = YES;
				SDKROOT = iphoneos;
				SWIFT_ACTIVE_COMPILATION_CONDITIONS = DEBUG;
				SWIFT_OPTIMIZATION_LEVEL = "-Onone";
			};
			name = Debug;
		};
		61294A7D2024C7D0009F9886 /* Release */ = {
			isa = XCBuildConfiguration;
			buildSettings = {
				ALWAYS_SEARCH_USER_PATHS = NO;
				CLANG_ANALYZER_NONNULL = YES;
				CLANG_ANALYZER_NUMBER_OBJECT_CONVERSION = YES_AGGRESSIVE;
				CLANG_CXX_LANGUAGE_STANDARD = "gnu++14";
				CLANG_CXX_LIBRARY = "libc++";
				CLANG_ENABLE_MODULES = YES;
				CLANG_ENABLE_OBJC_ARC = YES;
				CLANG_WARN_BLOCK_CAPTURE_AUTORELEASING = YES;
				CLANG_WARN_BOOL_CONVERSION = YES;
				CLANG_WARN_COMMA = YES;
				CLANG_WARN_CONSTANT_CONVERSION = YES;
				CLANG_WARN_DIRECT_OBJC_ISA_USAGE = YES_ERROR;
				CLANG_WARN_DOCUMENTATION_COMMENTS = YES;
				CLANG_WARN_EMPTY_BODY = YES;
				CLANG_WARN_ENUM_CONVERSION = YES;
				CLANG_WARN_INFINITE_RECURSION = YES;
				CLANG_WARN_INT_CONVERSION = YES;
				CLANG_WARN_NON_LITERAL_NULL_CONVERSION = YES;
				CLANG_WARN_OBJC_LITERAL_CONVERSION = YES;
				CLANG_WARN_OBJC_ROOT_CLASS = YES_ERROR;
				CLANG_WARN_RANGE_LOOP_ANALYSIS = YES;
				CLANG_WARN_STRICT_PROTOTYPES = YES;
				CLANG_WARN_SUSPICIOUS_MOVE = YES;
				CLANG_WARN_UNGUARDED_AVAILABILITY = YES_AGGRESSIVE;
				CLANG_WARN_UNREACHABLE_CODE = YES;
				CLANG_WARN__DUPLICATE_METHOD_MATCH = YES;
				CODE_SIGN_IDENTITY = "iPhone Developer";
				COPY_PHASE_STRIP = NO;
				DEBUG_INFORMATION_FORMAT = "dwarf-with-dsym";
				ENABLE_NS_ASSERTIONS = NO;
				ENABLE_STRICT_OBJC_MSGSEND = YES;
				GCC_C_LANGUAGE_STANDARD = gnu11;
				GCC_NO_COMMON_BLOCKS = YES;
				GCC_WARN_64_TO_32_BIT_CONVERSION = YES;
				GCC_WARN_ABOUT_RETURN_TYPE = YES_ERROR;
				GCC_WARN_UNDECLARED_SELECTOR = YES;
				GCC_WARN_UNINITIALIZED_AUTOS = YES_AGGRESSIVE;
				GCC_WARN_UNUSED_FUNCTION = YES;
				GCC_WARN_UNUSED_VARIABLE = YES;
				IPHONEOS_DEPLOYMENT_TARGET = 11.2;
				MTL_ENABLE_DEBUG_INFO = NO;
				SDKROOT = iphoneos;
				SWIFT_OPTIMIZATION_LEVEL = "-Owholemodule";
				VALIDATE_PRODUCT = YES;
			};
			name = Release;
		};
		61294A7F2024C7D0009F9886 /* Debug */ = {
			isa = XCBuildConfiguration;
			baseConfigurationReference = 62D248798B62B430FC2E862D /* Pods-Waller.debug.xcconfig */;
			buildSettings = {
				ASSETCATALOG_COMPILER_APPICON_NAME = AppIcon;
				CLANG_ENABLE_MODULES = YES;
				CODE_SIGN_STYLE = Automatic;
				DEVELOPMENT_TEAM = E76VR3ED8R;
				INFOPLIST_FILE = Waller/Info.plist;
				LD_RUNPATH_SEARCH_PATHS = "$(inherited) @executable_path/Frameworks";
				PRODUCT_BUNDLE_IDENTIFIER = com.madeinchain.Waller;
				PRODUCT_NAME = "$(TARGET_NAME)";
				SWIFT_OBJC_BRIDGING_HEADER = "Waller/Waller-Bridging-Header.h";
				SWIFT_OPTIMIZATION_LEVEL = "-Onone";
				SWIFT_VERSION = 4.0;
				TARGETED_DEVICE_FAMILY = "1,2";
			};
			name = Debug;
		};
		61294A802024C7D0009F9886 /* Release */ = {
			isa = XCBuildConfiguration;
			baseConfigurationReference = 609D201F7C6CD61BD4EE8733 /* Pods-Waller.release.xcconfig */;
			buildSettings = {
				ASSETCATALOG_COMPILER_APPICON_NAME = AppIcon;
				CLANG_ENABLE_MODULES = YES;
				CODE_SIGN_STYLE = Automatic;
				DEVELOPMENT_TEAM = E76VR3ED8R;
				INFOPLIST_FILE = Waller/Info.plist;
				LD_RUNPATH_SEARCH_PATHS = "$(inherited) @executable_path/Frameworks";
				PRODUCT_BUNDLE_IDENTIFIER = com.madeinchain.Waller;
				PRODUCT_NAME = "$(TARGET_NAME)";
				SWIFT_OBJC_BRIDGING_HEADER = "Waller/Waller-Bridging-Header.h";
				SWIFT_VERSION = 4.0;
				TARGETED_DEVICE_FAMILY = "1,2";
			};
			name = Release;
		};
/* End XCBuildConfiguration section */

/* Begin XCConfigurationList section */
		61294A642024C7D0009F9886 /* Build configuration list for PBXProject "Waller" */ = {
			isa = XCConfigurationList;
			buildConfigurations = (
				61294A7C2024C7D0009F9886 /* Debug */,
				61294A7D2024C7D0009F9886 /* Release */,
			);
			defaultConfigurationIsVisible = 0;
			defaultConfigurationName = Release;
		};
		61294A7E2024C7D0009F9886 /* Build configuration list for PBXNativeTarget "Waller" */ = {
			isa = XCConfigurationList;
			buildConfigurations = (
				61294A7F2024C7D0009F9886 /* Debug */,
				61294A802024C7D0009F9886 /* Release */,
			);
			defaultConfigurationIsVisible = 0;
			defaultConfigurationName = Release;
		};
/* End XCConfigurationList section */

/* Begin XCVersionGroup section */
		61294A732024C7D0009F9886 /* Waller.xcdatamodeld */ = {
			isa = XCVersionGroup;
			children = (
				61294A742024C7D0009F9886 /* Waller.xcdatamodel */,
			);
			currentVersion = 61294A742024C7D0009F9886 /* Waller.xcdatamodel */;
			path = Waller.xcdatamodeld;
			sourceTree = "<group>";
			versionGroupType = wrapper.xcdatamodel;
		};
/* End XCVersionGroup section */
	};
	rootObject = 61294A612024C7D0009F9886 /* Project object */;
}
