// !$*UTF8*$!
{
	archiveVersion = 1;
	classes = {
	};
	objectVersion = 48;
	objects = {

/* Begin PBXBuildFile section */
		610B1DD2202DB7B9005B1105 /* Logger.swift in Sources */ = {isa = PBXBuildFile; fileRef = 610B1DAC202DB7B9005B1105 /* Logger.swift */; };
		610B1DD3202DB7B9005B1105 /* DirUtils.swift in Sources */ = {isa = PBXBuildFile; fileRef = 610B1DAE202DB7B9005B1105 /* DirUtils.swift */; };
		610B1DD4202DB7B9005B1105 /* RequestExtension.swift in Sources */ = {isa = PBXBuildFile; fileRef = 610B1DB0202DB7B9005B1105 /* RequestExtension.swift */; };
		610B1DD5202DB7B9005B1105 /* VersionController.swift in Sources */ = {isa = PBXBuildFile; fileRef = 610B1DB2202DB7B9005B1105 /* VersionController.swift */; };
		610B1DD6202DB7B9005B1105 /* VersionProvider.swift in Sources */ = {isa = PBXBuildFile; fileRef = 610B1DB3202DB7B9005B1105 /* VersionProvider.swift */; };
		610B1DD7202DB7B9005B1105 /* StorageError.swift in Sources */ = {isa = PBXBuildFile; fileRef = 610B1DB5202DB7B9005B1105 /* StorageError.swift */; };
		610B1DD8202DB7B9005B1105 /* Requestable.swift in Sources */ = {isa = PBXBuildFile; fileRef = 610B1DB7202DB7B9005B1105 /* Requestable.swift */; };
		610B1DD9202DB7B9005B1105 /* Entity.swift in Sources */ = {isa = PBXBuildFile; fileRef = 610B1DB8202DB7B9005B1105 /* Entity.swift */; };
		610B1DDA202DB7B9005B1105 /* NSSortDescriptorConvertible.swift in Sources */ = {isa = PBXBuildFile; fileRef = 610B1DB9202DB7B9005B1105 /* NSSortDescriptorConvertible.swift */; };
		610B1DDB202DB7B9005B1105 /* Context.swift in Sources */ = {isa = PBXBuildFile; fileRef = 610B1DBA202DB7B9005B1105 /* Context.swift */; };
		610B1DDC202DB7B9005B1105 /* NSPredicateConvertible.swift in Sources */ = {isa = PBXBuildFile; fileRef = 610B1DBB202DB7B9005B1105 /* NSPredicateConvertible.swift */; };
		610B1DDD202DB7B9005B1105 /* Storage.swift in Sources */ = {isa = PBXBuildFile; fileRef = 610B1DBD202DB7B9005B1105 /* Storage.swift */; };
		610B1DDE202DB7B9005B1105 /* RequestObservable.swift in Sources */ = {isa = PBXBuildFile; fileRef = 610B1DBE202DB7B9005B1105 /* RequestObservable.swift */; };
		610B1DDF202DB7B9005B1105 /* Request.swift in Sources */ = {isa = PBXBuildFile; fileRef = 610B1DBF202DB7B9005B1105 /* Request.swift */; };
		610B1DE0202DB7B9005B1105 /* CoreDataDefaultStorage.swift in Sources */ = {isa = PBXBuildFile; fileRef = 610B1DC2202DB7B9005B1105 /* CoreDataDefaultStorage.swift */; };
		610B1DE1202DB7B9005B1105 /* CoreDataiCloudStorage.swift in Sources */ = {isa = PBXBuildFile; fileRef = 610B1DC3202DB7B9005B1105 /* CoreDataiCloudStorage.swift */; };
		610B1DE2202DB7B9005B1105 /* NSManagedObjectMemoryContext.swift in Sources */ = {isa = PBXBuildFile; fileRef = 610B1DC5202DB7B9005B1105 /* NSManagedObjectMemoryContext.swift */; };
		610B1DE3202DB7B9005B1105 /* NSManagedObject.swift in Sources */ = {isa = PBXBuildFile; fileRef = 610B1DC6202DB7B9005B1105 /* NSManagedObject.swift */; };
		610B1DE4202DB7B9005B1105 /* NSManagedObjectContext.swift in Sources */ = {isa = PBXBuildFile; fileRef = 610B1DC7202DB7B9005B1105 /* NSManagedObjectContext.swift */; };
		610B1DE5202DB7B9005B1105 /* CoreDataError.swift in Sources */ = {isa = PBXBuildFile; fileRef = 610B1DC9202DB7B9005B1105 /* CoreDataError.swift */; };
		610B1DE6202DB7B9005B1105 /* CoreDataOptions.swift in Sources */ = {isa = PBXBuildFile; fileRef = 610B1DCB202DB7B9005B1105 /* CoreDataOptions.swift */; };
		610B1DE7202DB7B9005B1105 /* CoreDataObjectModel.swift in Sources */ = {isa = PBXBuildFile; fileRef = 610B1DCC202DB7B9005B1105 /* CoreDataObjectModel.swift */; };
		610B1DE8202DB7B9005B1105 /* CoreDataChange.swift in Sources */ = {isa = PBXBuildFile; fileRef = 610B1DCD202DB7B9005B1105 /* CoreDataChange.swift */; };
		610B1DE9202DB7B9005B1105 /* CoreDataStore.swift in Sources */ = {isa = PBXBuildFile; fileRef = 610B1DCE202DB7B9005B1105 /* CoreDataStore.swift */; };
		610B1DEA202DB7B9005B1105 /* CoreDataObservable.swift in Sources */ = {isa = PBXBuildFile; fileRef = 610B1DCF202DB7B9005B1105 /* CoreDataObservable.swift */; };
		610B1DEB202DB7B9005B1105 /* CoreDataiCloudConfig.swift in Sources */ = {isa = PBXBuildFile; fileRef = 610B1DD0202DB7B9005B1105 /* CoreDataiCloudConfig.swift */; };
		610B1DEC202DB7B9005B1105 /* CoreDataContextParent.swift in Sources */ = {isa = PBXBuildFile; fileRef = 610B1DD1202DB7B9005B1105 /* CoreDataContextParent.swift */; };
		610B1DF5202DBC15005B1105 /* WalletGenerationView.swift in Sources */ = {isa = PBXBuildFile; fileRef = 6609836F202D1F2500639EE3 /* WalletGenerationView.swift */; };
		61294A6D2024C7D0009F9886 /* AppDelegate.swift in Sources */ = {isa = PBXBuildFile; fileRef = 61294A6C2024C7D0009F9886 /* AppDelegate.swift */; };
		61294A6F2024C7D0009F9886 /* HomeViewController.swift in Sources */ = {isa = PBXBuildFile; fileRef = 61294A6E2024C7D0009F9886 /* HomeViewController.swift */; };
		61294A722024C7D0009F9886 /* Main.storyboard in Resources */ = {isa = PBXBuildFile; fileRef = 61294A702024C7D0009F9886 /* Main.storyboard */; };
		61294A752024C7D0009F9886 /* Waller.xcdatamodeld in Sources */ = {isa = PBXBuildFile; fileRef = 61294A732024C7D0009F9886 /* Waller.xcdatamodeld */; };
		61294A772024C7D0009F9886 /* Assets.xcassets in Resources */ = {isa = PBXBuildFile; fileRef = 61294A762024C7D0009F9886 /* Assets.xcassets */; };
		61294A7A2024C7D0009F9886 /* LaunchScreen.storyboard in Resources */ = {isa = PBXBuildFile; fileRef = 61294A782024C7D0009F9886 /* LaunchScreen.storyboard */; };
		61B9D2A0202B765000E22B0D /* GenerateWalletController.swift in Sources */ = {isa = PBXBuildFile; fileRef = 61B9D29F202B765000E22B0D /* GenerateWalletController.swift */; };
		61B9D2A5202B796D00E22B0D /* ACProgressView.swift in Sources */ = {isa = PBXBuildFile; fileRef = 61B9D2A1202B796D00E22B0D /* ACProgressView.swift */; };
		61B9D2A6202B796D00E22B0D /* ACHUD+Animation.swift in Sources */ = {isa = PBXBuildFile; fileRef = 61B9D2A2202B796D00E22B0D /* ACHUD+Animation.swift */; };
		61B9D2A7202B796D00E22B0D /* ACProgressHUD.swift in Sources */ = {isa = PBXBuildFile; fileRef = 61B9D2A3202B796D00E22B0D /* ACProgressHUD.swift */; };
		61B9D2A8202B796D00E22B0D /* ACProgressView.xib in Resources */ = {isa = PBXBuildFile; fileRef = 61B9D2A4202B796D00E22B0D /* ACProgressView.xib */; };
		61B9D2AD202BAACE00E22B0D /* BTCTestnetInfo.swift in Sources */ = {isa = PBXBuildFile; fileRef = 61B9D2AC202BAACE00E22B0D /* BTCTestnetInfo.swift */; };
		61CDB2E9202CCD5C0004C02B /* SetNameView.swift in Sources */ = {isa = PBXBuildFile; fileRef = 61CDB2E8202CCD5C0004C02B /* SetNameView.swift */; };
		61CDB2EB202CCF210004C02B /* AddWalletViewController.swift in Sources */ = {isa = PBXBuildFile; fileRef = 61CDB2EA202CCF210004C02B /* AddWalletViewController.swift */; };
		61DDBDA72029B71100F270DF /* MultiOptionView.swift in Sources */ = {isa = PBXBuildFile; fileRef = 61DDBDA62029B71100F270DF /* MultiOptionView.swift */; };
		61DDBDA92029B72100F270DF /* OptionView.swift in Sources */ = {isa = PBXBuildFile; fileRef = 61DDBDA82029B72100F270DF /* OptionView.swift */; };
		61DDBDAB2029BCBE00F270DF /* Properties.swift in Sources */ = {isa = PBXBuildFile; fileRef = 61DDBDAA2029BCBE00F270DF /* Properties.swift */; };
		61DDBDAD202A4CD600F270DF /* DataStructure.swift in Sources */ = {isa = PBXBuildFile; fileRef = 61DDBDAC202A4CD600F270DF /* DataStructure.swift */; };
		66098368202CD31C00639EE3 /* AddTypeView.swift in Sources */ = {isa = PBXBuildFile; fileRef = 66098367202CD31C00639EE3 /* AddTypeView.swift */; };
		6609836A202CE29C00639EE3 /* SetSaveTypeView.swift in Sources */ = {isa = PBXBuildFile; fileRef = 66098369202CE29C00639EE3 /* SetSaveTypeView.swift */; };
		6609836C202CEBFB00639EE3 /* SetPasswordView.swift in Sources */ = {isa = PBXBuildFile; fileRef = 6609836B202CEBFB00639EE3 /* SetPasswordView.swift */; };
		6609836E202D0E7300639EE3 /* PWTextField.swift in Sources */ = {isa = PBXBuildFile; fileRef = 6609836D202D0E7300639EE3 /* PWTextField.swift */; };
		74435901202B320900CD1982 /* HFCardCollectionViewCell.swift in Sources */ = {isa = PBXBuildFile; fileRef = 744358FD202B320900CD1982 /* HFCardCollectionViewCell.swift */; };
		74435902202B320900CD1982 /* HFCardCollectionView.swift in Sources */ = {isa = PBXBuildFile; fileRef = 744358FE202B320900CD1982 /* HFCardCollectionView.swift */; };
		74435903202B320900CD1982 /* HFCardCollectionViewLayoutDelegate.swift in Sources */ = {isa = PBXBuildFile; fileRef = 744358FF202B320900CD1982 /* HFCardCollectionViewLayoutDelegate.swift */; };
		74435904202B320900CD1982 /* HFCardCollectionViewLayout.swift in Sources */ = {isa = PBXBuildFile; fileRef = 74435900202B320900CD1982 /* HFCardCollectionViewLayout.swift */; };
		74435906202B380A00CD1982 /* WalletCell.swift in Sources */ = {isa = PBXBuildFile; fileRef = 74435905202B380A00CD1982 /* WalletCell.swift */; };
		D89E88C03253AEC6F5AA8A61 /* libPods-Waller.a in Frameworks */ = {isa = PBXBuildFile; fileRef = FCE9EC54B3FB6821C14C8E8A /* libPods-Waller.a */; };
/* End PBXBuildFile section */

/* Begin PBXFileReference section */
		609D201F7C6CD61BD4EE8733 /* Pods-Waller.release.xcconfig */ = {isa = PBXFileReference; includeInIndex = 1; lastKnownFileType = text.xcconfig; name = "Pods-Waller.release.xcconfig"; path = "Pods/Target Support Files/Pods-Waller/Pods-Waller.release.xcconfig"; sourceTree = "<group>"; };
		610B1DAC202DB7B9005B1105 /* Logger.swift */ = {isa = PBXFileReference; fileEncoding = 4; lastKnownFileType = sourcecode.swift; path = Logger.swift; sourceTree = "<group>"; };
		610B1DAE202DB7B9005B1105 /* DirUtils.swift */ = {isa = PBXFileReference; fileEncoding = 4; lastKnownFileType = sourcecode.swift; path = DirUtils.swift; sourceTree = "<group>"; };
		610B1DB0202DB7B9005B1105 /* RequestExtension.swift */ = {isa = PBXFileReference; fileEncoding = 4; lastKnownFileType = sourcecode.swift; path = RequestExtension.swift; sourceTree = "<group>"; };
		610B1DB2202DB7B9005B1105 /* VersionController.swift */ = {isa = PBXFileReference; fileEncoding = 4; lastKnownFileType = sourcecode.swift; path = VersionController.swift; sourceTree = "<group>"; };
		610B1DB3202DB7B9005B1105 /* VersionProvider.swift */ = {isa = PBXFileReference; fileEncoding = 4; lastKnownFileType = sourcecode.swift; path = VersionProvider.swift; sourceTree = "<group>"; };
		610B1DB5202DB7B9005B1105 /* StorageError.swift */ = {isa = PBXFileReference; fileEncoding = 4; lastKnownFileType = sourcecode.swift; path = StorageError.swift; sourceTree = "<group>"; };
		610B1DB7202DB7B9005B1105 /* Requestable.swift */ = {isa = PBXFileReference; fileEncoding = 4; lastKnownFileType = sourcecode.swift; path = Requestable.swift; sourceTree = "<group>"; };
		610B1DB8202DB7B9005B1105 /* Entity.swift */ = {isa = PBXFileReference; fileEncoding = 4; lastKnownFileType = sourcecode.swift; path = Entity.swift; sourceTree = "<group>"; };
		610B1DB9202DB7B9005B1105 /* NSSortDescriptorConvertible.swift */ = {isa = PBXFileReference; fileEncoding = 4; lastKnownFileType = sourcecode.swift; path = NSSortDescriptorConvertible.swift; sourceTree = "<group>"; };
		610B1DBA202DB7B9005B1105 /* Context.swift */ = {isa = PBXFileReference; fileEncoding = 4; lastKnownFileType = sourcecode.swift; path = Context.swift; sourceTree = "<group>"; };
		610B1DBB202DB7B9005B1105 /* NSPredicateConvertible.swift */ = {isa = PBXFileReference; fileEncoding = 4; lastKnownFileType = sourcecode.swift; path = NSPredicateConvertible.swift; sourceTree = "<group>"; };
		610B1DBD202DB7B9005B1105 /* Storage.swift */ = {isa = PBXFileReference; fileEncoding = 4; lastKnownFileType = sourcecode.swift; path = Storage.swift; sourceTree = "<group>"; };
		610B1DBE202DB7B9005B1105 /* RequestObservable.swift */ = {isa = PBXFileReference; fileEncoding = 4; lastKnownFileType = sourcecode.swift; path = RequestObservable.swift; sourceTree = "<group>"; };
		610B1DBF202DB7B9005B1105 /* Request.swift */ = {isa = PBXFileReference; fileEncoding = 4; lastKnownFileType = sourcecode.swift; path = Request.swift; sourceTree = "<group>"; };
		610B1DC2202DB7B9005B1105 /* CoreDataDefaultStorage.swift */ = {isa = PBXFileReference; fileEncoding = 4; lastKnownFileType = sourcecode.swift; path = CoreDataDefaultStorage.swift; sourceTree = "<group>"; };
		610B1DC3202DB7B9005B1105 /* CoreDataiCloudStorage.swift */ = {isa = PBXFileReference; fileEncoding = 4; lastKnownFileType = sourcecode.swift; path = CoreDataiCloudStorage.swift; sourceTree = "<group>"; };
		610B1DC5202DB7B9005B1105 /* NSManagedObjectMemoryContext.swift */ = {isa = PBXFileReference; fileEncoding = 4; lastKnownFileType = sourcecode.swift; path = NSManagedObjectMemoryContext.swift; sourceTree = "<group>"; };
		610B1DC6202DB7B9005B1105 /* NSManagedObject.swift */ = {isa = PBXFileReference; fileEncoding = 4; lastKnownFileType = sourcecode.swift; path = NSManagedObject.swift; sourceTree = "<group>"; };
		610B1DC7202DB7B9005B1105 /* NSManagedObjectContext.swift */ = {isa = PBXFileReference; fileEncoding = 4; lastKnownFileType = sourcecode.swift; path = NSManagedObjectContext.swift; sourceTree = "<group>"; };
		610B1DC9202DB7B9005B1105 /* CoreDataError.swift */ = {isa = PBXFileReference; fileEncoding = 4; lastKnownFileType = sourcecode.swift; path = CoreDataError.swift; sourceTree = "<group>"; };
		610B1DCB202DB7B9005B1105 /* CoreDataOptions.swift */ = {isa = PBXFileReference; fileEncoding = 4; lastKnownFileType = sourcecode.swift; path = CoreDataOptions.swift; sourceTree = "<group>"; };
		610B1DCC202DB7B9005B1105 /* CoreDataObjectModel.swift */ = {isa = PBXFileReference; fileEncoding = 4; lastKnownFileType = sourcecode.swift; path = CoreDataObjectModel.swift; sourceTree = "<group>"; };
		610B1DCD202DB7B9005B1105 /* CoreDataChange.swift */ = {isa = PBXFileReference; fileEncoding = 4; lastKnownFileType = sourcecode.swift; path = CoreDataChange.swift; sourceTree = "<group>"; };
		610B1DCE202DB7B9005B1105 /* CoreDataStore.swift */ = {isa = PBXFileReference; fileEncoding = 4; lastKnownFileType = sourcecode.swift; path = CoreDataStore.swift; sourceTree = "<group>"; };
		610B1DCF202DB7B9005B1105 /* CoreDataObservable.swift */ = {isa = PBXFileReference; fileEncoding = 4; lastKnownFileType = sourcecode.swift; path = CoreDataObservable.swift; sourceTree = "<group>"; };
		610B1DD0202DB7B9005B1105 /* CoreDataiCloudConfig.swift */ = {isa = PBXFileReference; fileEncoding = 4; lastKnownFileType = sourcecode.swift; path = CoreDataiCloudConfig.swift; sourceTree = "<group>"; };
		610B1DD1202DB7B9005B1105 /* CoreDataContextParent.swift */ = {isa = PBXFileReference; fileEncoding = 4; lastKnownFileType = sourcecode.swift; path = CoreDataContextParent.swift; sourceTree = "<group>"; };
		610B1DF1202DBB70005B1105 /* WalletTable+CoreDataProperties.swift */ = {isa = PBXFileReference; lastKnownFileType = sourcecode.swift; name = "WalletTable+CoreDataProperties.swift"; path = "/Users/vince/Gits/madeInChain/Waller/Waller/WalletTable+CoreDataProperties.swift"; sourceTree = "<absolute>"; };
		610B1DF2202DBB70005B1105 /* WalletTable+CoreDataClass.swift */ = {isa = PBXFileReference; lastKnownFileType = sourcecode.swift; name = "WalletTable+CoreDataClass.swift"; path = "/Users/vince/Gits/madeInChain/Waller/Waller/WalletTable+CoreDataClass.swift"; sourceTree = "<absolute>"; };
		61294A692024C7D0009F9886 /* Waller.app */ = {isa = PBXFileReference; explicitFileType = wrapper.application; includeInIndex = 0; path = Waller.app; sourceTree = BUILT_PRODUCTS_DIR; };
		61294A6C2024C7D0009F9886 /* AppDelegate.swift */ = {isa = PBXFileReference; lastKnownFileType = sourcecode.swift; path = AppDelegate.swift; sourceTree = "<group>"; };
		61294A6E2024C7D0009F9886 /* HomeViewController.swift */ = {isa = PBXFileReference; lastKnownFileType = sourcecode.swift; path = HomeViewController.swift; sourceTree = "<group>"; };
		61294A712024C7D0009F9886 /* Base */ = {isa = PBXFileReference; lastKnownFileType = file.storyboard; name = Base; path = Base.lproj/Main.storyboard; sourceTree = "<group>"; };
		61294A742024C7D0009F9886 /* Waller.xcdatamodel */ = {isa = PBXFileReference; lastKnownFileType = wrapper.xcdatamodel; path = Waller.xcdatamodel; sourceTree = "<group>"; };
		61294A762024C7D0009F9886 /* Assets.xcassets */ = {isa = PBXFileReference; lastKnownFileType = folder.assetcatalog; path = Assets.xcassets; sourceTree = "<group>"; };
		61294A792024C7D0009F9886 /* Base */ = {isa = PBXFileReference; lastKnownFileType = file.storyboard; name = Base; path = Base.lproj/LaunchScreen.storyboard; sourceTree = "<group>"; };
		61294A7B2024C7D0009F9886 /* Info.plist */ = {isa = PBXFileReference; lastKnownFileType = text.plist.xml; path = Info.plist; sourceTree = "<group>"; };
		618E4B25202A6E79007F0D32 /* Waller-Bridging-Header.h */ = {isa = PBXFileReference; lastKnownFileType = sourcecode.c.h; path = "Waller-Bridging-Header.h"; sourceTree = "<group>"; };
		61B9D29F202B765000E22B0D /* GenerateWalletController.swift */ = {isa = PBXFileReference; lastKnownFileType = sourcecode.swift; path = GenerateWalletController.swift; sourceTree = "<group>"; };
		61B9D2A1202B796D00E22B0D /* ACProgressView.swift */ = {isa = PBXFileReference; fileEncoding = 4; lastKnownFileType = sourcecode.swift; path = ACProgressView.swift; sourceTree = "<group>"; };
		61B9D2A2202B796D00E22B0D /* ACHUD+Animation.swift */ = {isa = PBXFileReference; fileEncoding = 4; lastKnownFileType = sourcecode.swift; path = "ACHUD+Animation.swift"; sourceTree = "<group>"; };
		61B9D2A3202B796D00E22B0D /* ACProgressHUD.swift */ = {isa = PBXFileReference; fileEncoding = 4; lastKnownFileType = sourcecode.swift; path = ACProgressHUD.swift; sourceTree = "<group>"; };
		61B9D2A4202B796D00E22B0D /* ACProgressView.xib */ = {isa = PBXFileReference; fileEncoding = 4; lastKnownFileType = file.xib; path = ACProgressView.xib; sourceTree = "<group>"; };
		61B9D2AC202BAACE00E22B0D /* BTCTestnetInfo.swift */ = {isa = PBXFileReference; fileEncoding = 4; lastKnownFileType = sourcecode.swift; path = BTCTestnetInfo.swift; sourceTree = "<group>"; };
		61CDB2E8202CCD5C0004C02B /* SetNameView.swift */ = {isa = PBXFileReference; lastKnownFileType = sourcecode.swift; path = SetNameView.swift; sourceTree = "<group>"; };
		61CDB2EA202CCF210004C02B /* AddWalletViewController.swift */ = {isa = PBXFileReference; lastKnownFileType = sourcecode.swift; path = AddWalletViewController.swift; sourceTree = "<group>"; };
		61DDBDA62029B71100F270DF /* MultiOptionView.swift */ = {isa = PBXFileReference; lastKnownFileType = sourcecode.swift; path = MultiOptionView.swift; sourceTree = "<group>"; };
		61DDBDA82029B72100F270DF /* OptionView.swift */ = {isa = PBXFileReference; lastKnownFileType = sourcecode.swift; path = OptionView.swift; sourceTree = "<group>"; };
		61DDBDAA2029BCBE00F270DF /* Properties.swift */ = {isa = PBXFileReference; lastKnownFileType = sourcecode.swift; path = Properties.swift; sourceTree = "<group>"; };
		61DDBDAC202A4CD600F270DF /* DataStructure.swift */ = {isa = PBXFileReference; lastKnownFileType = sourcecode.swift; path = DataStructure.swift; sourceTree = "<group>"; };
		62D248798B62B430FC2E862D /* Pods-Waller.debug.xcconfig */ = {isa = PBXFileReference; includeInIndex = 1; lastKnownFileType = text.xcconfig; name = "Pods-Waller.debug.xcconfig"; path = "Pods/Target Support Files/Pods-Waller/Pods-Waller.debug.xcconfig"; sourceTree = "<group>"; };
		66098367202CD31C00639EE3 /* AddTypeView.swift */ = {isa = PBXFileReference; lastKnownFileType = sourcecode.swift; path = AddTypeView.swift; sourceTree = "<group>"; };
		66098369202CE29C00639EE3 /* SetSaveTypeView.swift */ = {isa = PBXFileReference; lastKnownFileType = sourcecode.swift; path = SetSaveTypeView.swift; sourceTree = "<group>"; };
		6609836B202CEBFB00639EE3 /* SetPasswordView.swift */ = {isa = PBXFileReference; lastKnownFileType = sourcecode.swift; path = SetPasswordView.swift; sourceTree = "<group>"; };
		6609836D202D0E7300639EE3 /* PWTextField.swift */ = {isa = PBXFileReference; lastKnownFileType = sourcecode.swift; path = PWTextField.swift; sourceTree = "<group>"; };
		6609836F202D1F2500639EE3 /* WalletGenerationView.swift */ = {isa = PBXFileReference; lastKnownFileType = sourcecode.swift; path = WalletGenerationView.swift; sourceTree = "<group>"; };
		744358FD202B320900CD1982 /* HFCardCollectionViewCell.swift */ = {isa = PBXFileReference; fileEncoding = 4; lastKnownFileType = sourcecode.swift; path = HFCardCollectionViewCell.swift; sourceTree = "<group>"; };
		744358FE202B320900CD1982 /* HFCardCollectionView.swift */ = {isa = PBXFileReference; fileEncoding = 4; lastKnownFileType = sourcecode.swift; path = HFCardCollectionView.swift; sourceTree = "<group>"; };
		744358FF202B320900CD1982 /* HFCardCollectionViewLayoutDelegate.swift */ = {isa = PBXFileReference; fileEncoding = 4; lastKnownFileType = sourcecode.swift; path = HFCardCollectionViewLayoutDelegate.swift; sourceTree = "<group>"; };
		74435900202B320900CD1982 /* HFCardCollectionViewLayout.swift */ = {isa = PBXFileReference; fileEncoding = 4; lastKnownFileType = sourcecode.swift; path = HFCardCollectionViewLayout.swift; sourceTree = "<group>"; };
		74435905202B380A00CD1982 /* WalletCell.swift */ = {isa = PBXFileReference; lastKnownFileType = sourcecode.swift; path = WalletCell.swift; sourceTree = "<group>"; };
		FCE9EC54B3FB6821C14C8E8A /* libPods-Waller.a */ = {isa = PBXFileReference; explicitFileType = archive.ar; includeInIndex = 0; path = "libPods-Waller.a"; sourceTree = BUILT_PRODUCTS_DIR; };
/* End PBXFileReference section */

/* Begin PBXFrameworksBuildPhase section */
		61294A662024C7D0009F9886 /* Frameworks */ = {
			isa = PBXFrameworksBuildPhase;
			buildActionMask = 2147483647;
			files = (
				D89E88C03253AEC6F5AA8A61 /* libPods-Waller.a in Frameworks */,
			);
			runOnlyForDeploymentPostprocessing = 0;
		};
/* End PBXFrameworksBuildPhase section */

/* Begin PBXGroup section */
		24E6CC41032909971F747B5A /* Frameworks */ = {
			isa = PBXGroup;
			children = (
				FCE9EC54B3FB6821C14C8E8A /* libPods-Waller.a */,
			);
			name = Frameworks;
			sourceTree = "<group>";
		};
		5BBBD056102E468DD91D9840 /* Pods */ = {
			isa = PBXGroup;
			children = (
				62D248798B62B430FC2E862D /* Pods-Waller.debug.xcconfig */,
				609D201F7C6CD61BD4EE8733 /* Pods-Waller.release.xcconfig */,
			);
			name = Pods;
			sourceTree = "<group>";
		};
		610B1DA9202DB7B9005B1105 /* SugarData */ = {
			isa = PBXGroup;
			children = (
				610B1DAA202DB7B9005B1105 /* Foundation */,
				610B1DC0202DB7B9005B1105 /* CoreData */,
			);
			path = SugarData;
			sourceTree = "<group>";
		};
		610B1DAA202DB7B9005B1105 /* Foundation */ = {
			isa = PBXGroup;
			children = (
				610B1DAB202DB7B9005B1105 /* Logger */,
				610B1DAD202DB7B9005B1105 /* Utils */,
				610B1DAF202DB7B9005B1105 /* Extensions */,
				610B1DB1202DB7B9005B1105 /* Version */,
				610B1DB4202DB7B9005B1105 /* Errors */,
				610B1DB6202DB7B9005B1105 /* Protocols */,
				610B1DBC202DB7B9005B1105 /* Entities */,
			);
			path = Foundation;
			sourceTree = "<group>";
		};
		610B1DAB202DB7B9005B1105 /* Logger */ = {
			isa = PBXGroup;
			children = (
				610B1DAC202DB7B9005B1105 /* Logger.swift */,
			);
			path = Logger;
			sourceTree = "<group>";
		};
		610B1DAD202DB7B9005B1105 /* Utils */ = {
			isa = PBXGroup;
			children = (
				610B1DAE202DB7B9005B1105 /* DirUtils.swift */,
			);
			path = Utils;
			sourceTree = "<group>";
		};
		610B1DAF202DB7B9005B1105 /* Extensions */ = {
			isa = PBXGroup;
			children = (
				610B1DB0202DB7B9005B1105 /* RequestExtension.swift */,
			);
			path = Extensions;
			sourceTree = "<group>";
		};
		610B1DB1202DB7B9005B1105 /* Version */ = {
			isa = PBXGroup;
			children = (
				610B1DB2202DB7B9005B1105 /* VersionController.swift */,
				610B1DB3202DB7B9005B1105 /* VersionProvider.swift */,
			);
			path = Version;
			sourceTree = "<group>";
		};
		610B1DB4202DB7B9005B1105 /* Errors */ = {
			isa = PBXGroup;
			children = (
				610B1DB5202DB7B9005B1105 /* StorageError.swift */,
			);
			path = Errors;
			sourceTree = "<group>";
		};
		610B1DB6202DB7B9005B1105 /* Protocols */ = {
			isa = PBXGroup;
			children = (
				610B1DB7202DB7B9005B1105 /* Requestable.swift */,
				610B1DB8202DB7B9005B1105 /* Entity.swift */,
				610B1DB9202DB7B9005B1105 /* NSSortDescriptorConvertible.swift */,
				610B1DBA202DB7B9005B1105 /* Context.swift */,
				610B1DBB202DB7B9005B1105 /* NSPredicateConvertible.swift */,
			);
			path = Protocols;
			sourceTree = "<group>";
		};
		610B1DBC202DB7B9005B1105 /* Entities */ = {
			isa = PBXGroup;
			children = (
				610B1DBD202DB7B9005B1105 /* Storage.swift */,
				610B1DBE202DB7B9005B1105 /* RequestObservable.swift */,
				610B1DBF202DB7B9005B1105 /* Request.swift */,
			);
			path = Entities;
			sourceTree = "<group>";
		};
		610B1DC0202DB7B9005B1105 /* CoreData */ = {
			isa = PBXGroup;
			children = (
				610B1DC1202DB7B9005B1105 /* Storages */,
				610B1DC4202DB7B9005B1105 /* Extensions */,
				610B1DC8202DB7B9005B1105 /* Errors */,
				610B1DCA202DB7B9005B1105 /* Entities */,
			);
			path = CoreData;
			sourceTree = "<group>";
		};
		610B1DC1202DB7B9005B1105 /* Storages */ = {
			isa = PBXGroup;
			children = (
				610B1DC2202DB7B9005B1105 /* CoreDataDefaultStorage.swift */,
				610B1DC3202DB7B9005B1105 /* CoreDataiCloudStorage.swift */,
			);
			path = Storages;
			sourceTree = "<group>";
		};
		610B1DC4202DB7B9005B1105 /* Extensions */ = {
			isa = PBXGroup;
			children = (
				610B1DC5202DB7B9005B1105 /* NSManagedObjectMemoryContext.swift */,
				610B1DC6202DB7B9005B1105 /* NSManagedObject.swift */,
				610B1DC7202DB7B9005B1105 /* NSManagedObjectContext.swift */,
			);
			path = Extensions;
			sourceTree = "<group>";
		};
		610B1DC8202DB7B9005B1105 /* Errors */ = {
			isa = PBXGroup;
			children = (
				610B1DC9202DB7B9005B1105 /* CoreDataError.swift */,
			);
			path = Errors;
			sourceTree = "<group>";
		};
		610B1DCA202DB7B9005B1105 /* Entities */ = {
			isa = PBXGroup;
			children = (
				610B1DCB202DB7B9005B1105 /* CoreDataOptions.swift */,
				610B1DCC202DB7B9005B1105 /* CoreDataObjectModel.swift */,
				610B1DCD202DB7B9005B1105 /* CoreDataChange.swift */,
				610B1DCE202DB7B9005B1105 /* CoreDataStore.swift */,
				610B1DCF202DB7B9005B1105 /* CoreDataObservable.swift */,
				610B1DD0202DB7B9005B1105 /* CoreDataiCloudConfig.swift */,
				610B1DD1202DB7B9005B1105 /* CoreDataContextParent.swift */,
			);
			path = Entities;
			sourceTree = "<group>";
		};
		61294A602024C7D0009F9886 = {
			isa = PBXGroup;
			children = (
				61294A6B2024C7D0009F9886 /* Waller */,
				61294A6A2024C7D0009F9886 /* Products */,
				5BBBD056102E468DD91D9840 /* Pods */,
				24E6CC41032909971F747B5A /* Frameworks */,
			);
			sourceTree = "<group>";
		};
		61294A6A2024C7D0009F9886 /* Products */ = {
			isa = PBXGroup;
			children = (
				61294A692024C7D0009F9886 /* Waller.app */,
			);
			name = Products;
			sourceTree = "<group>";
		};
		61294A6B2024C7D0009F9886 /* Waller */ = {
			isa = PBXGroup;
			children = (
				610B1DA9202DB7B9005B1105 /* SugarData */,
				61B9D2A9202B797800E22B0D /* ACProgressHUD */,
				744358FC202B31D400CD1982 /* HFCardCollectionView */,
				61294A762024C7D0009F9886 /* Assets.xcassets */,
				61B9D2AC202BAACE00E22B0D /* BTCTestnetInfo.swift */,
				61DDBDAC202A4CD600F270DF /* DataStructure.swift */,
				61DDBDAA2029BCBE00F270DF /* Properties.swift */,
				61294A6C2024C7D0009F9886 /* AppDelegate.swift */,
				61294A6E2024C7D0009F9886 /* HomeViewController.swift */,
				66098371202D276700639EE3 /* AddWallet */,
				61294A702024C7D0009F9886 /* Main.storyboard */,
				74435905202B380A00CD1982 /* WalletCell.swift */,
				61B9D29F202B765000E22B0D /* GenerateWalletController.swift */,
				61294A7B2024C7D0009F9886 /* Info.plist */,
				61294A732024C7D0009F9886 /* Waller.xcdatamodeld */,
				610B1DF2202DBB70005B1105 /* WalletTable+CoreDataClass.swift */,
				610B1DF1202DBB70005B1105 /* WalletTable+CoreDataProperties.swift */,
				61294A782024C7D0009F9886 /* LaunchScreen.storyboard */,
				618E4B25202A6E79007F0D32 /* Waller-Bridging-Header.h */,
			);
			path = Waller;
			sourceTree = "<group>";
		};
		618E4B1A202A5504007F0D32 /* MultiOptionClass */ = {
			isa = PBXGroup;
			children = (
				61DDBDA62029B71100F270DF /* MultiOptionView.swift */,
				61DDBDA82029B72100F270DF /* OptionView.swift */,
			);
			path = MultiOptionClass;
			sourceTree = "<group>";
		};
		61B9D2A9202B797800E22B0D /* ACProgressHUD */ = {
			isa = PBXGroup;
			children = (
				61B9D2A2202B796D00E22B0D /* ACHUD+Animation.swift */,
				61B9D2A3202B796D00E22B0D /* ACProgressHUD.swift */,
				61B9D2A1202B796D00E22B0D /* ACProgressView.swift */,
				61B9D2A4202B796D00E22B0D /* ACProgressView.xib */,
			);
			path = ACProgressHUD;
			sourceTree = "<group>";
		};
		66098371202D276700639EE3 /* AddWallet */ = {
			isa = PBXGroup;
			children = (
				61CDB2EA202CCF210004C02B /* AddWalletViewController.swift */,
				66098367202CD31C00639EE3 /* AddTypeView.swift */,
				61CDB2E8202CCD5C0004C02B /* SetNameView.swift */,
				66098369202CE29C00639EE3 /* SetSaveTypeView.swift */,
				6609836B202CEBFB00639EE3 /* SetPasswordView.swift */,
				6609836F202D1F2500639EE3 /* WalletGenerationView.swift */,
				618E4B1A202A5504007F0D32 /* MultiOptionClass */,
				6609836D202D0E7300639EE3 /* PWTextField.swift */,
			);
			path = AddWallet;
			sourceTree = "<group>";
		};
		744358FC202B31D400CD1982 /* HFCardCollectionView */ = {
			isa = PBXGroup;
			children = (
				744358FE202B320900CD1982 /* HFCardCollectionView.swift */,
				744358FD202B320900CD1982 /* HFCardCollectionViewCell.swift */,
				74435900202B320900CD1982 /* HFCardCollectionViewLayout.swift */,
				744358FF202B320900CD1982 /* HFCardCollectionViewLayoutDelegate.swift */,
			);
			path = HFCardCollectionView;
			sourceTree = "<group>";
		};
/* End PBXGroup section */

/* Begin PBXNativeTarget section */
		61294A682024C7D0009F9886 /* Waller */ = {
			isa = PBXNativeTarget;
			buildConfigurationList = 61294A7E2024C7D0009F9886 /* Build configuration list for PBXNativeTarget "Waller" */;
			buildPhases = (
				5EB4C71A9392D1F5EBEBEFC1 /* [CP] Check Pods Manifest.lock */,
				61294A652024C7D0009F9886 /* Sources */,
				61294A662024C7D0009F9886 /* Frameworks */,
				61294A672024C7D0009F9886 /* Resources */,
				72CAA85F603110A4FB1B8188 /* [CP] Embed Pods Frameworks */,
				27115F4AF669680A54C7D8B0 /* [CP] Copy Pods Resources */,
			);
			buildRules = (
			);
			dependencies = (
			);
			name = Waller;
			productName = Waller;
			productReference = 61294A692024C7D0009F9886 /* Waller.app */;
			productType = "com.apple.product-type.application";
		};
/* End PBXNativeTarget section */

/* Begin PBXProject section */
		61294A612024C7D0009F9886 /* Project object */ = {
			isa = PBXProject;
			attributes = {
				LastSwiftUpdateCheck = 0920;
				LastUpgradeCheck = 0920;
				ORGANIZATIONNAME = madeinchain;
				TargetAttributes = {
					61294A682024C7D0009F9886 = {
						CreatedOnToolsVersion = 9.2;
						LastSwiftMigration = 0920;
						ProvisioningStyle = Automatic;
					};
				};
			};
			buildConfigurationList = 61294A642024C7D0009F9886 /* Build configuration list for PBXProject "Waller" */;
			compatibilityVersion = "Xcode 8.0";
			developmentRegion = en;
			hasScannedForEncodings = 0;
			knownRegions = (
				en,
				Base,
			);
			mainGroup = 61294A602024C7D0009F9886;
			productRefGroup = 61294A6A2024C7D0009F9886 /* Products */;
			projectDirPath = "";
			projectRoot = "";
			targets = (
				61294A682024C7D0009F9886 /* Waller */,
			);
		};
/* End PBXProject section */

/* Begin PBXResourcesBuildPhase section */
		61294A672024C7D0009F9886 /* Resources */ = {
			isa = PBXResourcesBuildPhase;
			buildActionMask = 2147483647;
			files = (
				61294A7A2024C7D0009F9886 /* LaunchScreen.storyboard in Resources */,
				61294A772024C7D0009F9886 /* Assets.xcassets in Resources */,
				61294A722024C7D0009F9886 /* Main.storyboard in Resources */,
				61B9D2A8202B796D00E22B0D /* ACProgressView.xib in Resources */,
			);
			runOnlyForDeploymentPostprocessing = 0;
		};
/* End PBXResourcesBuildPhase section */

/* Begin PBXShellScriptBuildPhase section */
		27115F4AF669680A54C7D8B0 /* [CP] Copy Pods Resources */ = {
			isa = PBXShellScriptBuildPhase;
			buildActionMask = 2147483647;
			files = (
			);
			inputPaths = (
			);
			name = "[CP] Copy Pods Resources";
			outputPaths = (
			);
			runOnlyForDeploymentPostprocessing = 0;
			shellPath = /bin/sh;
			shellScript = "\"${SRCROOT}/Pods/Target Support Files/Pods-Waller/Pods-Waller-resources.sh\"\n";
			showEnvVarsInLog = 0;
		};
		5EB4C71A9392D1F5EBEBEFC1 /* [CP] Check Pods Manifest.lock */ = {
			isa = PBXShellScriptBuildPhase;
			buildActionMask = 2147483647;
			files = (
			);
			inputPaths = (
				"${PODS_PODFILE_DIR_PATH}/Podfile.lock",
				"${PODS_ROOT}/Manifest.lock",
			);
			name = "[CP] Check Pods Manifest.lock";
			outputPaths = (
				"$(DERIVED_FILE_DIR)/Pods-Waller-checkManifestLockResult.txt",
			);
			runOnlyForDeploymentPostprocessing = 0;
			shellPath = /bin/sh;
			shellScript = "diff \"${PODS_PODFILE_DIR_PATH}/Podfile.lock\" \"${PODS_ROOT}/Manifest.lock\" > /dev/null\nif [ $? != 0 ] ; then\n    # print error to STDERR\n    echo \"error: The sandbox is not in sync with the Podfile.lock. Run 'pod install' or update your CocoaPods installation.\" >&2\n    exit 1\nfi\n# This output is used by Xcode 'outputs' to avoid re-running this script phase.\necho \"SUCCESS\" > \"${SCRIPT_OUTPUT_FILE_0}\"\n";
			showEnvVarsInLog = 0;
		};
		72CAA85F603110A4FB1B8188 /* [CP] Embed Pods Frameworks */ = {
			isa = PBXShellScriptBuildPhase;
			buildActionMask = 2147483647;
			files = (
			);
			inputPaths = (
			);
			name = "[CP] Embed Pods Frameworks";
			outputPaths = (
			);
			runOnlyForDeploymentPostprocessing = 0;
			shellPath = /bin/sh;
			shellScript = "\"${SRCROOT}/Pods/Target Support Files/Pods-Waller/Pods-Waller-frameworks.sh\"\n";
			showEnvVarsInLog = 0;
		};
/* End PBXShellScriptBuildPhase section */

/* Begin PBXSourcesBuildPhase section */
		61294A652024C7D0009F9886 /* Sources */ = {
			isa = PBXSourcesBuildPhase;
			buildActionMask = 2147483647;
			files = (
				610B1DF5202DBC15005B1105 /* WalletGenerationView.swift in Sources */,
				74435904202B320900CD1982 /* HFCardCollectionViewLayout.swift in Sources */,
				61DDBDAB2029BCBE00F270DF /* Properties.swift in Sources */,
				74435906202B380A00CD1982 /* WalletCell.swift in Sources */,
				61294A6F2024C7D0009F9886 /* HomeViewController.swift in Sources */,
				610B1DD9202DB7B9005B1105 /* Entity.swift in Sources */,
				610B1DDE202DB7B9005B1105 /* RequestObservable.swift in Sources */,
				610B1DEB202DB7B9005B1105 /* CoreDataiCloudConfig.swift in Sources */,
				610B1DDD202DB7B9005B1105 /* Storage.swift in Sources */,
				61CDB2EB202CCF210004C02B /* AddWalletViewController.swift in Sources */,
				61B9D2A5202B796D00E22B0D /* ACProgressView.swift in Sources */,
				61CDB2E9202CCD5C0004C02B /* SetNameView.swift in Sources */,
				610B1DD8202DB7B9005B1105 /* Requestable.swift in Sources */,
				61DDBDAD202A4CD600F270DF /* DataStructure.swift in Sources */,
				74435902202B320900CD1982 /* HFCardCollectionView.swift in Sources */,
				6609836C202CEBFB00639EE3 /* SetPasswordView.swift in Sources */,
				6609836A202CE29C00639EE3 /* SetSaveTypeView.swift in Sources */,
				61B9D2A0202B765000E22B0D /* GenerateWalletController.swift in Sources */,
				610B1DE4202DB7B9005B1105 /* NSManagedObjectContext.swift in Sources */,
				61294A6D2024C7D0009F9886 /* AppDelegate.swift in Sources */,
				61B9D2A6202B796D00E22B0D /* ACHUD+Animation.swift in Sources */,
				610B1DE5202DB7B9005B1105 /* CoreDataError.swift in Sources */,
				610B1DD6202DB7B9005B1105 /* VersionProvider.swift in Sources */,
				610B1DDC202DB7B9005B1105 /* NSPredicateConvertible.swift in Sources */,
				610B1DDB202DB7B9005B1105 /* Context.swift in Sources */,
				61B9D2AD202BAACE00E22B0D /* BTCTestnetInfo.swift in Sources */,
				610B1DE1202DB7B9005B1105 /* CoreDataiCloudStorage.swift in Sources */,
				610B1DEC202DB7B9005B1105 /* CoreDataContextParent.swift in Sources */,
				61294A752024C7D0009F9886 /* Waller.xcdatamodeld in Sources */,
				66098368202CD31C00639EE3 /* AddTypeView.swift in Sources */,
				74435903202B320900CD1982 /* HFCardCollectionViewLayoutDelegate.swift in Sources */,
				74435901202B320900CD1982 /* HFCardCollectionViewCell.swift in Sources */,
				610B1DD7202DB7B9005B1105 /* StorageError.swift in Sources */,
				610B1DE9202DB7B9005B1105 /* CoreDataStore.swift in Sources */,
				610B1DD3202DB7B9005B1105 /* DirUtils.swift in Sources */,
				610B1DE7202DB7B9005B1105 /* CoreDataObjectModel.swift in Sources */,
				610B1DE0202DB7B9005B1105 /* CoreDataDefaultStorage.swift in Sources */,
				610B1DE2202DB7B9005B1105 /* NSManagedObjectMemoryContext.swift in Sources */,
				610B1DE3202DB7B9005B1105 /* NSManagedObject.swift in Sources */,
				61DDBDA92029B72100F270DF /* OptionView.swift in Sources */,
				610B1DD2202DB7B9005B1105 /* Logger.swift in Sources */,
				610B1DE6202DB7B9005B1105 /* CoreDataOptions.swift in Sources */,
				61B9D2A7202B796D00E22B0D /* ACProgressHUD.swift in Sources */,
				610B1DDF202DB7B9005B1105 /* Request.swift in Sources */,
				610B1DDA202DB7B9005B1105 /* NSSortDescriptorConvertible.swift in Sources */,
				610B1DD5202DB7B9005B1105 /* VersionController.swift in Sources */,
				610B1DE8202DB7B9005B1105 /* CoreDataChange.swift in Sources */,
				61DDBDA72029B71100F270DF /* MultiOptionView.swift in Sources */,
				610B1DEA202DB7B9005B1105 /* CoreDataObservable.swift in Sources */,
				610B1DD4202DB7B9005B1105 /* RequestExtension.swift in Sources */,
				6609836E202D0E7300639EE3 /* PWTextField.swift in Sources */,
			);
			runOnlyForDeploymentPostprocessing = 0;
		};
/* End PBXSourcesBuildPhase section */

/* Begin PBXVariantGroup section */
		61294A702024C7D0009F9886 /* Main.storyboard */ = {
			isa = PBXVariantGroup;
			children = (
				61294A712024C7D0009F9886 /* Base */,
			);
			name = Main.storyboard;
			sourceTree = "<group>";
		};
		61294A782024C7D0009F9886 /* LaunchScreen.storyboard */ = {
			isa = PBXVariantGroup;
			children = (
				61294A792024C7D0009F9886 /* Base */,
			);
			name = LaunchScreen.storyboard;
			sourceTree = "<group>";
		};
/* End PBXVariantGroup section */

/* Begin XCBuildConfiguration section */
		61294A7C2024C7D0009F9886 /* Debug */ = {
			isa = XCBuildConfiguration;
			buildSettings = {
				ALWAYS_SEARCH_USER_PATHS = NO;
				CLANG_ANALYZER_NONNULL = YES;
				CLANG_ANALYZER_NUMBER_OBJECT_CONVERSION = YES_AGGRESSIVE;
				CLANG_CXX_LANGUAGE_STANDARD = "gnu++14";
				CLANG_CXX_LIBRARY = "libc++";
				CLANG_ENABLE_MODULES = YES;
				CLANG_ENABLE_OBJC_ARC = YES;
				CLANG_WARN_BLOCK_CAPTURE_AUTORELEASING = YES;
				CLANG_WARN_BOOL_CONVERSION = YES;
				CLANG_WARN_COMMA = YES;
				CLANG_WARN_CONSTANT_CONVERSION = YES;
				CLANG_WARN_DIRECT_OBJC_ISA_USAGE = YES_ERROR;
				CLANG_WARN_DOCUMENTATION_COMMENTS = YES;
				CLANG_WARN_EMPTY_BODY = YES;
				CLANG_WARN_ENUM_CONVERSION = YES;
				CLANG_WARN_INFINITE_RECURSION = YES;
				CLANG_WARN_INT_CONVERSION = YES;
				CLANG_WARN_NON_LITERAL_NULL_CONVERSION = YES;
				CLANG_WARN_OBJC_LITERAL_CONVERSION = YES;
				CLANG_WARN_OBJC_ROOT_CLASS = YES_ERROR;
				CLANG_WARN_RANGE_LOOP_ANALYSIS = YES;
				CLANG_WARN_STRICT_PROTOTYPES = YES;
				CLANG_WARN_SUSPICIOUS_MOVE = YES;
				CLANG_WARN_UNGUARDED_AVAILABILITY = YES_AGGRESSIVE;
				CLANG_WARN_UNREACHABLE_CODE = YES;
				CLANG_WARN__DUPLICATE_METHOD_MATCH = YES;
				CODE_SIGN_IDENTITY = "iPhone Developer";
				COPY_PHASE_STRIP = NO;
				DEBUG_INFORMATION_FORMAT = dwarf;
				ENABLE_STRICT_OBJC_MSGSEND = YES;
				ENABLE_TESTABILITY = YES;
				GCC_C_LANGUAGE_STANDARD = gnu11;
				GCC_DYNAMIC_NO_PIC = NO;
				GCC_NO_COMMON_BLOCKS = YES;
				GCC_OPTIMIZATION_LEVEL = 0;
				GCC_PREPROCESSOR_DEFINITIONS = (
					"DEBUG=1",
					"$(inherited)",
				);
				GCC_WARN_64_TO_32_BIT_CONVERSION = YES;
				GCC_WARN_ABOUT_RETURN_TYPE = YES_ERROR;
				GCC_WARN_UNDECLARED_SELECTOR = YES;
				GCC_WARN_UNINITIALIZED_AUTOS = YES_AGGRESSIVE;
				GCC_WARN_UNUSED_FUNCTION = YES;
				GCC_WARN_UNUSED_VARIABLE = YES;
				IPHONEOS_DEPLOYMENT_TARGET = 11.2;
				MTL_ENABLE_DEBUG_INFO = YES;
				ONLY_ACTIVE_ARCH = YES;
				SDKROOT = iphoneos;
				SWIFT_ACTIVE_COMPILATION_CONDITIONS = DEBUG;
				SWIFT_OPTIMIZATION_LEVEL = "-Onone";
			};
			name = Debug;
		};
		61294A7D2024C7D0009F9886 /* Release */ = {
			isa = XCBuildConfiguration;
			buildSettings = {
				ALWAYS_SEARCH_USER_PATHS = NO;
				CLANG_ANALYZER_NONNULL = YES;
				CLANG_ANALYZER_NUMBER_OBJECT_CONVERSION = YES_AGGRESSIVE;
				CLANG_CXX_LANGUAGE_STANDARD = "gnu++14";
				CLANG_CXX_LIBRARY = "libc++";
				CLANG_ENABLE_MODULES = YES;
				CLANG_ENABLE_OBJC_ARC = YES;
				CLANG_WARN_BLOCK_CAPTURE_AUTORELEASING = YES;
				CLANG_WARN_BOOL_CONVERSION = YES;
				CLANG_WARN_COMMA = YES;
				CLANG_WARN_CONSTANT_CONVERSION = YES;
				CLANG_WARN_DIRECT_OBJC_ISA_USAGE = YES_ERROR;
				CLANG_WARN_DOCUMENTATION_COMMENTS = YES;
				CLANG_WARN_EMPTY_BODY = YES;
				CLANG_WARN_ENUM_CONVERSION = YES;
				CLANG_WARN_INFINITE_RECURSION = YES;
				CLANG_WARN_INT_CONVERSION = YES;
				CLANG_WARN_NON_LITERAL_NULL_CONVERSION = YES;
				CLANG_WARN_OBJC_LITERAL_CONVERSION = YES;
				CLANG_WARN_OBJC_ROOT_CLASS = YES_ERROR;
				CLANG_WARN_RANGE_LOOP_ANALYSIS = YES;
				CLANG_WARN_STRICT_PROTOTYPES = YES;
				CLANG_WARN_SUSPICIOUS_MOVE = YES;
				CLANG_WARN_UNGUARDED_AVAILABILITY = YES_AGGRESSIVE;
				CLANG_WARN_UNREACHABLE_CODE = YES;
				CLANG_WARN__DUPLICATE_METHOD_MATCH = YES;
				CODE_SIGN_IDENTITY = "iPhone Developer";
				COPY_PHASE_STRIP = NO;
				DEBUG_INFORMATION_FORMAT = "dwarf-with-dsym";
				ENABLE_NS_ASSERTIONS = NO;
				ENABLE_STRICT_OBJC_MSGSEND = YES;
				GCC_C_LANGUAGE_STANDARD = gnu11;
				GCC_NO_COMMON_BLOCKS = YES;
				GCC_WARN_64_TO_32_BIT_CONVERSION = YES;
				GCC_WARN_ABOUT_RETURN_TYPE = YES_ERROR;
				GCC_WARN_UNDECLARED_SELECTOR = YES;
				GCC_WARN_UNINITIALIZED_AUTOS = YES_AGGRESSIVE;
				GCC_WARN_UNUSED_FUNCTION = YES;
				GCC_WARN_UNUSED_VARIABLE = YES;
				IPHONEOS_DEPLOYMENT_TARGET = 11.2;
				MTL_ENABLE_DEBUG_INFO = NO;
				SDKROOT = iphoneos;
				SWIFT_OPTIMIZATION_LEVEL = "-Owholemodule";
				VALIDATE_PRODUCT = YES;
			};
			name = Release;
		};
		61294A7F2024C7D0009F9886 /* Debug */ = {
			isa = XCBuildConfiguration;
			baseConfigurationReference = 62D248798B62B430FC2E862D /* Pods-Waller.debug.xcconfig */;
			buildSettings = {
				ASSETCATALOG_COMPILER_APPICON_NAME = AppIcon;
				CLANG_ENABLE_MODULES = YES;
				CODE_SIGN_STYLE = Automatic;
				DEVELOPMENT_TEAM = E76VR3ED8R;
				INFOPLIST_FILE = Waller/Info.plist;
				LD_RUNPATH_SEARCH_PATHS = "$(inherited) @executable_path/Frameworks";
				PRODUCT_BUNDLE_IDENTIFIER = com.madeinchain.Waller;
				PRODUCT_NAME = "$(TARGET_NAME)";
				SWIFT_OBJC_BRIDGING_HEADER = "Waller/Waller-Bridging-Header.h";
				SWIFT_OPTIMIZATION_LEVEL = "-Onone";
				SWIFT_VERSION = 4.0;
				TARGETED_DEVICE_FAMILY = "1,2";
			};
			name = Debug;
		};
		61294A802024C7D0009F9886 /* Release */ = {
			isa = XCBuildConfiguration;
			baseConfigurationReference = 609D201F7C6CD61BD4EE8733 /* Pods-Waller.release.xcconfig */;
			buildSettings = {
				ASSETCATALOG_COMPILER_APPICON_NAME = AppIcon;
				CLANG_ENABLE_MODULES = YES;
				CODE_SIGN_STYLE = Automatic;
				DEVELOPMENT_TEAM = E76VR3ED8R;
				INFOPLIST_FILE = Waller/Info.plist;
				LD_RUNPATH_SEARCH_PATHS = "$(inherited) @executable_path/Frameworks";
				PRODUCT_BUNDLE_IDENTIFIER = com.madeinchain.Waller;
				PRODUCT_NAME = "$(TARGET_NAME)";
				SWIFT_OBJC_BRIDGING_HEADER = "Waller/Waller-Bridging-Header.h";
				SWIFT_VERSION = 4.0;
				TARGETED_DEVICE_FAMILY = "1,2";
			};
			name = Release;
		};
/* End XCBuildConfiguration section */

/* Begin XCConfigurationList section */
		61294A642024C7D0009F9886 /* Build configuration list for PBXProject "Waller" */ = {
			isa = XCConfigurationList;
			buildConfigurations = (
				61294A7C2024C7D0009F9886 /* Debug */,
				61294A7D2024C7D0009F9886 /* Release */,
			);
			defaultConfigurationIsVisible = 0;
			defaultConfigurationName = Release;
		};
		61294A7E2024C7D0009F9886 /* Build configuration list for PBXNativeTarget "Waller" */ = {
			isa = XCConfigurationList;
			buildConfigurations = (
				61294A7F2024C7D0009F9886 /* Debug */,
				61294A802024C7D0009F9886 /* Release */,
			);
			defaultConfigurationIsVisible = 0;
			defaultConfigurationName = Release;
		};
/* End XCConfigurationList section */

/* Begin XCVersionGroup section */
		61294A732024C7D0009F9886 /* Waller.xcdatamodeld */ = {
			isa = XCVersionGroup;
			children = (
				61294A742024C7D0009F9886 /* Waller.xcdatamodel */,
			);
			currentVersion = 61294A742024C7D0009F9886 /* Waller.xcdatamodel */;
			path = Waller.xcdatamodeld;
			sourceTree = "<group>";
			versionGroupType = wrapper.xcdatamodel;
		};
/* End XCVersionGroup section */
	};
	rootObject = 61294A612024C7D0009F9886 /* Project object */;
}
